#MicroXplorer Configuration settings - do not modify
ADC1.Channel-0\#ChannelRegularConversion=ADC_CHANNEL_1
ADC1.IPParameters=Rank-0\#ChannelRegularConversion,Channel-0\#ChannelRegularConversion,SamplingTime-0\#ChannelRegularConversion,NbrOfConversionFlag,master
ADC1.NbrOfConversionFlag=1
ADC1.Rank-0\#ChannelRegularConversion=1
ADC1.SamplingTime-0\#ChannelRegularConversion=ADC_SAMPLETIME_3CYCLES
ADC1.master=1
FATFS.BSP.number=1
FATFS0.BSP.STBoard=false
FATFS0.BSP.api=Unknown
FATFS0.BSP.component=
FATFS0.BSP.condition=
FATFS0.BSP.i2caddr=0
FATFS0.BSP.i2creg=
FATFS0.BSP.instance=PH12
FATFS0.BSP.ip=GPIO
FATFS0.BSP.mode=Input
FATFS0.BSP.name=Detect_SDIO
FATFS0.BSP.semaphore=
FATFS0.BSP.solution=PH12
File.Version=6
I2S2.ErrorAudioFreq=0.15 %
I2S2.FullDuplexMode=I2S_FULLDUPLEXMODE_ENABLE
I2S2.IPParameters=Instance,VirtualMode,FullDuplexMode,RealAudioFreq,ErrorAudioFreq
I2S2.Instance=SPI$Index
I2S2.RealAudioFreq=8.012 KHz
I2S2.VirtualMode=I2S_MODE_MASTER
KeepUserPlacement=false
Mcu.Family=STM32F4
Mcu.IP0=ADC1
Mcu.IP1=CRC
Mcu.IP10=SYS
Mcu.IP11=USB_DEVICE
Mcu.IP12=USB_OTG_FS
Mcu.IP2=FATFS
Mcu.IP3=FMC
Mcu.IP4=I2C1
Mcu.IP5=I2C2
Mcu.IP6=I2S2
Mcu.IP7=NVIC
Mcu.IP8=RCC
Mcu.IP9=SDIO
Mcu.IPNb=13
Mcu.Name=STM32F429B(E-G-I)Tx
Mcu.Package=LQFP208
Mcu.Pin0=PC14/OSC32_IN
Mcu.Pin1=PC15/OSC32_OUT
Mcu.Pin10=PC0
Mcu.Pin11=PC2
Mcu.Pin12=PC3
Mcu.Pin13=PA1
Mcu.Pin14=PA2
Mcu.Pin15=PH4
Mcu.Pin16=PH5
Mcu.Pin17=PF11
Mcu.Pin18=PF12
Mcu.Pin19=PF13
Mcu.Pin2=PF0
Mcu.Pin20=PF14
Mcu.Pin21=PF15
Mcu.Pin22=PG0
Mcu.Pin23=PG1
Mcu.Pin24=PE7
Mcu.Pin25=PE8
Mcu.Pin26=PE9
Mcu.Pin27=PE10
Mcu.Pin28=PE11
Mcu.Pin29=PE12
Mcu.Pin3=PF1
Mcu.Pin30=PE13
Mcu.Pin31=PE14
Mcu.Pin32=PE15
Mcu.Pin33=PB10
Mcu.Pin34=PH12
Mcu.Pin35=PB12
Mcu.Pin36=PB14
Mcu.Pin37=PB15
Mcu.Pin38=PD8
Mcu.Pin39=PD9
Mcu.Pin4=PF2
Mcu.Pin40=PD10
Mcu.Pin41=PD14
Mcu.Pin42=PD15
Mcu.Pin43=PG2
Mcu.Pin44=PG4
Mcu.Pin45=PG5
Mcu.Pin46=PG8
Mcu.Pin47=PC8
Mcu.Pin48=PC9
Mcu.Pin49=PA9
Mcu.Pin5=PF3
Mcu.Pin50=PA11
Mcu.Pin51=PA12
Mcu.Pin52=PC10
Mcu.Pin53=PC11
Mcu.Pin54=PC12
Mcu.Pin55=PD0
Mcu.Pin56=PD1
Mcu.Pin57=PD2
Mcu.Pin58=PD4
Mcu.Pin59=PD5
Mcu.Pin6=PF4
Mcu.Pin60=PD7
Mcu.Pin61=PG15
Mcu.Pin62=PB6
Mcu.Pin63=PB7
Mcu.Pin64=PE0
Mcu.Pin65=PE1
Mcu.Pin66=VP_CRC_VS_CRC
Mcu.Pin67=VP_FATFS_VS_SDIO
Mcu.Pin68=VP_SYS_VS_Systick
Mcu.Pin69=VP_USB_DEVICE_VS_USB_DEVICE_MSC_FS
Mcu.Pin7=PF5
Mcu.Pin8=PH0/OSC_IN
Mcu.Pin9=PH1/OSC_OUT
Mcu.PinsNb=70
Mcu.ThirdPartyNb=0
Mcu.UserConstants=
Mcu.UserName=STM32F429BITx
MxCube.Version=5.0.1
MxDb.Version=DB.5.0.1
NVIC.BusFault_IRQn=true\:0\:0\:false\:false\:true\:false
NVIC.DebugMonitor_IRQn=true\:0\:0\:false\:false\:true\:false
NVIC.HardFault_IRQn=true\:0\:0\:false\:false\:true\:false
NVIC.MemoryManagement_IRQn=true\:0\:0\:false\:false\:true\:false
NVIC.NonMaskableInt_IRQn=true\:0\:0\:false\:false\:true\:false
NVIC.OTG_FS_IRQn=true\:0\:0\:false\:false\:true\:false
NVIC.PendSV_IRQn=true\:0\:0\:false\:false\:true\:false
NVIC.PriorityGroup=NVIC_PRIORITYGROUP_4
NVIC.SVCall_IRQn=true\:0\:0\:false\:false\:true\:false
NVIC.SysTick_IRQn=true\:0\:0\:false\:false\:true\:false
NVIC.UsageFault_IRQn=true\:0\:0\:false\:false\:true\:false
PA1.Signal=ADCx_IN1
PA11.Mode=Device_Only
PA11.Signal=USB_OTG_FS_DM
PA12.Mode=Device_Only
PA12.Signal=USB_OTG_FS_DP
PA2.Signal=ADCx_IN2
PA9.Mode=Activate_VBUS
PA9.Signal=USB_OTG_FS_VBUS
PB10.Mode=Full_Duplex_Master
PB10.Signal=I2S2_CK
PB12.Mode=Full_Duplex_Master
PB12.Signal=I2S2_WS
PB14.Mode=Full_Duplex_Master
PB14.Signal=I2S2_ext_SD
PB15.Mode=Full_Duplex_Master
PB15.Signal=I2S2_SD
PB6.Mode=I2C
PB6.Signal=I2C1_SCL
PB7.Mode=I2C
PB7.Signal=I2C1_SDA
PC0.Signal=FMC_SDNWE
PC10.Mode=SD_4_bits_Wide_bus
PC10.Signal=SDIO_D2
PC11.Mode=SD_4_bits_Wide_bus
PC11.Signal=SDIO_D3
PC12.Mode=SD_4_bits_Wide_bus
PC12.Signal=SDIO_CK
PC14/OSC32_IN.Mode=LSE-External-Oscillator
PC14/OSC32_IN.Signal=RCC_OSC32_IN
PC15/OSC32_OUT.Mode=LSE-External-Oscillator
PC15/OSC32_OUT.Signal=RCC_OSC32_OUT
PC2.Mode=SdramChipSelect1_1
PC2.Signal=FMC_SDNE0
PC3.Mode=SdramChipSelect1_1
PC3.Signal=FMC_SDCKE0
PC8.Mode=SD_4_bits_Wide_bus
PC8.Signal=SDIO_D0
PC9.Mode=SD_4_bits_Wide_bus
PC9.Signal=SDIO_D1
PCC.Checker=false
PCC.Line=STM32F429/439
PCC.MCU=STM32F429B(E-G-I)Tx
PCC.PartNumber=STM32F429BITx
PCC.Seq0=0
PCC.Series=STM32F4
PCC.Temperature=25
PCC.Vdd=null
PD0.Signal=FMC_D2_DA2
PD1.Signal=FMC_D3_DA3
PD10.Signal=FMC_D15_DA15
PD14.Signal=FMC_D0_DA0
PD15.Signal=FMC_D1_DA1
PD2.Mode=SD_4_bits_Wide_bus
PD2.Signal=SDIO_CMD
PD4.Signal=FMC_NOE
PD5.Signal=FMC_NWE
PD7.Mode=NorPsramChipSelect1_1
PD7.Signal=FMC_NE1
PD8.Signal=FMC_D13_DA13
PD9.Signal=FMC_D14_DA14
PE0.Signal=FMC_NBL0
PE1.Signal=FMC_NBL1
PE10.Signal=FMC_D7_DA7
PE11.Signal=FMC_D8_DA8
PE12.Signal=FMC_D9_DA9
PE13.Signal=FMC_D10_DA10
PE14.Signal=FMC_D11_DA11
PE15.Signal=FMC_D12_DA12
PE7.Signal=FMC_D4_DA4
PE8.Signal=FMC_D5_DA5
PE9.Signal=FMC_D6_DA6
PF0.Signal=FMC_A0
PF1.Signal=FMC_A1
PF11.Signal=FMC_SDNRAS
PF12.Signal=FMC_A6
PF13.Signal=FMC_A7
PF14.Signal=FMC_A8
PF15.Signal=FMC_A9
PF2.Signal=FMC_A2
PF3.Signal=FMC_A3
PF4.Signal=FMC_A4
PF5.Signal=FMC_A5
PG0.Signal=FMC_A10
PG1.Signal=FMC_A11
PG15.Signal=FMC_SDNCAS
PG2.Signal=FMC_A12
PG4.Signal=FMC_A14_BA0
PG5.Signal=FMC_A15_BA1
PG8.Signal=FMC_SDCLK
PH0/OSC_IN.Mode=HSE-External-Oscillator
PH0/OSC_IN.Signal=RCC_OSC_IN
PH1/OSC_OUT.Mode=HSE-External-Oscillator
PH1/OSC_OUT.Signal=RCC_OSC_OUT
PH12.GPIOParameters=GPIO_Label
PH12.GPIO_Label=sd_detect
PH12.Locked=true
PH12.Signal=GPIO_Input
PH4.Mode=I2C
PH4.Signal=I2C2_SCL
PH5.Mode=I2C
PH5.Signal=I2C2_SDA
PinOutPanel.RotationAngle=0
ProjectManager.AskForMigrate=true
ProjectManager.BackupPrevious=false
ProjectManager.CompilerOptimize=6
ProjectManager.ComputerToolchain=false
ProjectManager.CoupleFile=false
ProjectManager.CustomerFirmwarePackage=
ProjectManager.DefaultFWLocation=true
ProjectManager.DeletePrevious=true
ProjectManager.DeviceId=STM32F429BITx
ProjectManager.FirmwarePackage=STM32Cube FW_F4 V1.23.0
ProjectManager.FreePins=false
ProjectManager.HalAssertFull=false
ProjectManager.HeapSize=0x1000
ProjectManager.KeepUserCode=true
ProjectManager.LastFirmware=true
ProjectManager.LibraryCopy=1
ProjectManager.MainLocation=Core/Src
ProjectManager.NoMain=false
ProjectManager.PreviousToolchain=TrueSTUDIO
ProjectManager.ProjectBuild=false
ProjectManager.ProjectFileName=ConsoleProject.ioc
ProjectManager.ProjectName=ConsoleProject
ProjectManager.StackSize=0x1000
ProjectManager.TargetToolchain=TrueSTUDIO
ProjectManager.ToolChainLocation=
ProjectManager.UnderRoot=true
ProjectManager.functionlistsort=1-MX_GPIO_Init-GPIO-false-HAL-true,2-SystemClock_Config-RCC-false-HAL-false,3-MX_I2S2_Init-I2S2-false-HAL-true,4-MX_I2C1_Init-I2C1-false-HAL-true,5-MX_I2C2_Init-I2C2-false-HAL-true,6-MX_SDIO_SD_Init-SDIO-false-HAL-true,7-MX_FMC_Init-FMC-false-HAL-true,8-MX_FATFS_Init-FATFS-false-HAL-true,9-MX_USB_DEVICE_Init-USB_DEVICE-false-HAL-true,10-MX_ADC1_Init-ADC1-false-HAL-true,11-MX_CRC_Init-CRC-false-HAL-true
RCC.48MHZClocksFreq_Value=48000000
RCC.AHBFreq_Value=168000000
RCC.APB1CLKDivider=RCC_HCLK_DIV4
RCC.APB1Freq_Value=42000000
RCC.APB1TimFreq_Value=84000000
RCC.APB2CLKDivider=RCC_HCLK_DIV2
RCC.APB2Freq_Value=84000000
RCC.APB2TimFreq_Value=168000000
RCC.CortexFreq_Value=168000000
RCC.EthernetFreq_Value=168000000
RCC.FCLKCortexFreq_Value=168000000
RCC.FamilyName=M
RCC.HCLKFreq_Value=168000000
RCC.HSE_VALUE=4000000
RCC.HSI_VALUE=16000000
RCC.I2SClocksFreq_Value=50000000
RCC.IPParameters=48MHZClocksFreq_Value,AHBFreq_Value,APB1CLKDivider,APB1Freq_Value,APB1TimFreq_Value,APB2CLKDivider,APB2Freq_Value,APB2TimFreq_Value,CortexFreq_Value,EthernetFreq_Value,FCLKCortexFreq_Value,FamilyName,HCLKFreq_Value,HSE_VALUE,HSI_VALUE,I2SClocksFreq_Value,LCDTFTFreq_Value,LSI_VALUE,MCO2PinFreq_Value,PLLCLKFreq_Value,PLLI2SN,PLLM,PLLN,PLLQ,PLLQCLKFreq_Value,RTCFreq_Value,RTCHSEDivFreq_Value,SAI_AClocksFreq_Value,SAI_BClocksFreq_Value,SYSCLKFreq_VALUE,SYSCLKSource,VCOI2SOutputFreq_Value,VCOInputFreq_Value,VCOOutputFreq_Value,VCOSAIOutputFreq_Value,VCOSAIOutputFreq_ValueQ,VCOSAIOutputFreq_ValueR,VcooutputI2S,VcooutputI2SQ
RCC.LCDTFTFreq_Value=12250000
RCC.LSI_VALUE=32000
RCC.MCO2PinFreq_Value=168000000
RCC.PLLCLKFreq_Value=168000000
RCC.PLLI2SN=100
RCC.PLLM=4
RCC.PLLN=336
RCC.PLLQ=7
RCC.PLLQCLKFreq_Value=48000000
RCC.RTCFreq_Value=32000
RCC.RTCHSEDivFreq_Value=2000000
RCC.SAI_AClocksFreq_Value=12250000
RCC.SAI_BClocksFreq_Value=12250000
RCC.SYSCLKFreq_VALUE=168000000
RCC.SYSCLKSource=RCC_SYSCLKSOURCE_PLLCLK
RCC.VCOI2SOutputFreq_Value=100000000
RCC.VCOInputFreq_Value=1000000
RCC.VCOOutputFreq_Value=336000000
RCC.VCOSAIOutputFreq_Value=49000000
RCC.VCOSAIOutputFreq_ValueQ=12250000
RCC.VCOSAIOutputFreq_ValueR=24500000
RCC.VcooutputI2S=50000000
RCC.VcooutputI2SQ=50000000
SH.ADCx_IN1.0=ADC1_IN1,IN1
SH.ADCx_IN1.ConfNb=1
SH.ADCx_IN2.0=ADC1_IN2,IN2
SH.ADCx_IN2.ConfNb=1
SH.FMC_A0.0=FMC_A0,13b-sda1
SH.FMC_A0.ConfNb=1
SH.FMC_A1.0=FMC_A1,13b-sda1
SH.FMC_A1.ConfNb=1
SH.FMC_A10.0=FMC_A10,13b-sda1
SH.FMC_A10.ConfNb=1
SH.FMC_A11.0=FMC_A11,13b-sda1
SH.FMC_A11.ConfNb=1
SH.FMC_A12.0=FMC_A12,13b-sda1
SH.FMC_A12.ConfNb=1
SH.FMC_A14_BA0.0=FMC_BA0,FourSdramBanks1
SH.FMC_A14_BA0.1=FMC_A14,A14_1
SH.FMC_A14_BA0.ConfNb=2
SH.FMC_A15_BA1.0=FMC_BA1,FourSdramBanks1
SH.FMC_A15_BA1.ConfNb=1
SH.FMC_A2.0=FMC_A2,13b-sda1
SH.FMC_A2.ConfNb=1
SH.FMC_A3.0=FMC_A3,13b-sda1
SH.FMC_A3.ConfNb=1
SH.FMC_A4.0=FMC_A4,13b-sda1
SH.FMC_A4.ConfNb=1
SH.FMC_A5.0=FMC_A5,13b-sda1
SH.FMC_A5.ConfNb=1
SH.FMC_A6.0=FMC_A6,13b-sda1
SH.FMC_A6.ConfNb=1
SH.FMC_A7.0=FMC_A7,13b-sda1
SH.FMC_A7.ConfNb=1
SH.FMC_A8.0=FMC_A8,13b-sda1
SH.FMC_A8.ConfNb=1
SH.FMC_A9.0=FMC_A9,13b-sda1
SH.FMC_A9.ConfNb=1
SH.FMC_D0_DA0.0=FMC_D0,sd-16b-d1
SH.FMC_D0_DA0.1=FMC_D0,16b-d1
SH.FMC_D0_DA0.ConfNb=2
SH.FMC_D10_DA10.0=FMC_D10,sd-16b-d1
SH.FMC_D10_DA10.1=FMC_D10,16b-d1
SH.FMC_D10_DA10.ConfNb=2
SH.FMC_D11_DA11.0=FMC_D11,sd-16b-d1
SH.FMC_D11_DA11.1=FMC_D11,16b-d1
SH.FMC_D11_DA11.ConfNb=2
SH.FMC_D12_DA12.0=FMC_D12,sd-16b-d1
SH.FMC_D12_DA12.1=FMC_D12,16b-d1
SH.FMC_D12_DA12.ConfNb=2
SH.FMC_D13_DA13.0=FMC_D13,sd-16b-d1
SH.FMC_D13_DA13.1=FMC_D13,16b-d1
SH.FMC_D13_DA13.ConfNb=2
SH.FMC_D14_DA14.0=FMC_D14,sd-16b-d1
SH.FMC_D14_DA14.1=FMC_D14,16b-d1
SH.FMC_D14_DA14.ConfNb=2
SH.FMC_D15_DA15.0=FMC_D15,sd-16b-d1
SH.FMC_D15_DA15.1=FMC_D15,16b-d1
SH.FMC_D15_DA15.ConfNb=2
SH.FMC_D1_DA1.0=FMC_D1,sd-16b-d1
SH.FMC_D1_DA1.1=FMC_D1,16b-d1
SH.FMC_D1_DA1.ConfNb=2
SH.FMC_D2_DA2.0=FMC_D2,sd-16b-d1
SH.FMC_D2_DA2.1=FMC_D2,16b-d1
SH.FMC_D2_DA2.ConfNb=2
SH.FMC_D3_DA3.0=FMC_D3,sd-16b-d1
SH.FMC_D3_DA3.1=FMC_D3,16b-d1
SH.FMC_D3_DA3.ConfNb=2
SH.FMC_D4_DA4.0=FMC_D4,sd-16b-d1
SH.FMC_D4_DA4.1=FMC_D4,16b-d1
SH.FMC_D4_DA4.ConfNb=2
SH.FMC_D5_DA5.0=FMC_D5,sd-16b-d1
SH.FMC_D5_DA5.1=FMC_D5,16b-d1
SH.FMC_D5_DA5.ConfNb=2
SH.FMC_D6_DA6.0=FMC_D6,sd-16b-d1
SH.FMC_D6_DA6.1=FMC_D6,16b-d1
SH.FMC_D6_DA6.ConfNb=2
SH.FMC_D7_DA7.0=FMC_D7,sd-16b-d1
SH.FMC_D7_DA7.1=FMC_D7,16b-d1
SH.FMC_D7_DA7.ConfNb=2
SH.FMC_D8_DA8.0=FMC_D8,sd-16b-d1
SH.FMC_D8_DA8.1=FMC_D8,16b-d1
SH.FMC_D8_DA8.ConfNb=2
SH.FMC_D9_DA9.0=FMC_D9,sd-16b-d1
SH.FMC_D9_DA9.1=FMC_D9,16b-d1
SH.FMC_D9_DA9.ConfNb=2
SH.FMC_NBL0.0=FMC_NBL0,Sd2ByteEnable1
SH.FMC_NBL0.ConfNb=1
SH.FMC_NBL1.0=FMC_NBL1,Sd2ByteEnable1
SH.FMC_NBL1.ConfNb=1
SH.FMC_NOE.0=FMC_NOE,Lcd1
SH.FMC_NOE.ConfNb=1
SH.FMC_NWE.0=FMC_NWE,Lcd1
SH.FMC_NWE.ConfNb=1
SH.FMC_SDCLK.0=FMC_SDCLK,13b-sda1
SH.FMC_SDCLK.ConfNb=1
SH.FMC_SDNCAS.0=FMC_SDNCAS,13b-sda1
SH.FMC_SDNCAS.ConfNb=1
SH.FMC_SDNRAS.0=FMC_SDNRAS,13b-sda1
SH.FMC_SDNRAS.ConfNb=1
SH.FMC_SDNWE.0=FMC_SDNWE,13b-sda1
SH.FMC_SDNWE.ConfNb=1
USB_DEVICE.CLASS_NAME_FS=MSC
USB_DEVICE.IPParameters=VirtualMode-MSC_FS,VirtualModeFS,CLASS_NAME_FS
USB_DEVICE.VirtualMode-MSC_FS=Msc
USB_DEVICE.VirtualModeFS=Msc_FS
USB_OTG_FS.IPParameters=VirtualMode
USB_OTG_FS.VirtualMode=Device_Only
VP_CRC_VS_CRC.Mode=CRC_Activate
VP_CRC_VS_CRC.Signal=CRC_VS_CRC
VP_FATFS_VS_SDIO.Mode=SDIO
VP_FATFS_VS_SDIO.Signal=FATFS_VS_SDIO
VP_SYS_VS_Systick.Mode=SysTick
VP_SYS_VS_Systick.Signal=SYS_VS_Systick
VP_USB_DEVICE_VS_USB_DEVICE_MSC_FS.Mode=MSC_FS
VP_USB_DEVICE_VS_USB_DEVICE_MSC_FS.Signal=USB_DEVICE_VS_USB_DEVICE_MSC_FS
board=custom
